// !$*UTF8*$!
{
	archiveVersion = 1;
	classes = {
	};
	objectVersion = 50;
	objects = {

/* Begin PBXBuildFile section */
		2340C66225E470F500070AFC /* AppDelegate.swift in Sources */ = {isa = PBXBuildFile; fileRef = 2340C66125E470F500070AFC /* AppDelegate.swift */; };
		2340C66425E470F500070AFC /* SceneDelegate.swift in Sources */ = {isa = PBXBuildFile; fileRef = 2340C66325E470F500070AFC /* SceneDelegate.swift */; };
		2340C66625E470F500070AFC /* ViewController.swift in Sources */ = {isa = PBXBuildFile; fileRef = 2340C66525E470F500070AFC /* ViewController.swift */; };
		2340C66925E470F500070AFC /* Main.storyboard in Resources */ = {isa = PBXBuildFile; fileRef = 2340C66725E470F500070AFC /* Main.storyboard */; };
		2340C66B25E470F600070AFC /* Assets.xcassets in Resources */ = {isa = PBXBuildFile; fileRef = 2340C66A25E470F600070AFC /* Assets.xcassets */; };
		2340C66E25E470F600070AFC /* LaunchScreen.storyboard in Resources */ = {isa = PBXBuildFile; fileRef = 2340C66C25E470F600070AFC /* LaunchScreen.storyboard */; };
		2340C67925E470F700070AFC /* Magic8BallTests.swift in Sources */ = {isa = PBXBuildFile; fileRef = 2340C67825E470F700070AFC /* Magic8BallTests.swift */; };
		2340C68425E470F700070AFC /* Magic8BallUITests.swift in Sources */ = {isa = PBXBuildFile; fileRef = 2340C68325E470F700070AFC /* Magic8BallUITests.swift */; };
/* End PBXBuildFile section */

/* Begin PBXContainerItemProxy section */
		2340C67525E470F700070AFC /* PBXContainerItemProxy */ = {
			isa = PBXContainerItemProxy;
			containerPortal = 2340C65625E470F500070AFC /* Project object */;
			proxyType = 1;
			remoteGlobalIDString = 2340C65D25E470F500070AFC;
			remoteInfo = Magic8Ball;
		};
		2340C68025E470F700070AFC /* PBXContainerItemProxy */ = {
			isa = PBXContainerItemProxy;
			containerPortal = 2340C65625E470F500070AFC /* Project object */;
			proxyType = 1;
			remoteGlobalIDString = 2340C65D25E470F500070AFC;
			remoteInfo = Magic8Ball;
		};
/* End PBXContainerItemProxy section */

/* Begin PBXFileReference section */
		2340C65E25E470F500070AFC /* Magic8Ball.app */ = {isa = PBXFileReference; explicitFileType = wrapper.application; includeInIndex = 0; path = Magic8Ball.app; sourceTree = BUILT_PRODUCTS_DIR; };
		2340C66125E470F500070AFC /* AppDelegate.swift */ = {isa = PBXFileReference; lastKnownFileType = sourcecode.swift; path = AppDelegate.swift; sourceTree = "<group>"; };
		2340C66325E470F500070AFC /* SceneDelegate.swift */ = {isa = PBXFileReference; lastKnownFileType = sourcecode.swift; path = SceneDelegate.swift; sourceTree = "<group>"; };
		2340C66525E470F500070AFC /* ViewController.swift */ = {isa = PBXFileReference; lastKnownFileType = sourcecode.swift; path = ViewController.swift; sourceTree = "<group>"; };
		2340C66825E470F500070AFC /* Base */ = {isa = PBXFileReference; lastKnownFileType = file.storyboard; name = Base; path = Base.lproj/Main.storyboard; sourceTree = "<group>"; };
		2340C66A25E470F600070AFC /* Assets.xcassets */ = {isa = PBXFileReference; lastKnownFileType = folder.assetcatalog; path = Assets.xcassets; sourceTree = "<group>"; };
		2340C66D25E470F600070AFC /* Base */ = {isa = PBXFileReference; lastKnownFileType = file.storyboard; name = Base; path = Base.lproj/LaunchScreen.storyboard; sourceTree = "<group>"; };
		2340C66F25E470F600070AFC /* Info.plist */ = {isa = PBXFileReference; lastKnownFileType = text.plist.xml; path = Info.plist; sourceTree = "<group>"; };
		2340C67425E470F700070AFC /* Magic8BallTests.xctest */ = {isa = PBXFileReference; explicitFileType = wrapper.cfbundle; includeInIndex = 0; path = Magic8BallTests.xctest; sourceTree = BUILT_PRODUCTS_DIR; };
		2340C67825E470F700070AFC /* Magic8BallTests.swift */ = {isa = PBXFileReference; lastKnownFileType = sourcecode.swift; path = Magic8BallTests.swift; sourceTree = "<group>"; };
		2340C67A25E470F700070AFC /* Info.plist */ = {isa = PBXFileReference; lastKnownFileType = text.plist.xml; path = Info.plist; sourceTree = "<group>"; };
		2340C67F25E470F700070AFC /* Magic8BallUITests.xctest */ = {isa = PBXFileReference; explicitFileType = wrapper.cfbundle; includeInIndex = 0; path = Magic8BallUITests.xctest; sourceTree = BUILT_PRODUCTS_DIR; };
		2340C68325E470F700070AFC /* Magic8BallUITests.swift */ = {isa = PBXFileReference; lastKnownFileType = sourcecode.swift; path = Magic8BallUITests.swift; sourceTree = "<group>"; };
		2340C68525E470F700070AFC /* Info.plist */ = {isa = PBXFileReference; lastKnownFileType = text.plist.xml; path = Info.plist; sourceTree = "<group>"; };
/* End PBXFileReference section */

/* Begin PBXFrameworksBuildPhase section */
		2340C65B25E470F500070AFC /* Frameworks */ = {
			isa = PBXFrameworksBuildPhase;
			buildActionMask = 2147483647;
			files = (
			);
			runOnlyForDeploymentPostprocessing = 0;
		};
		2340C67125E470F700070AFC /* Frameworks */ = {
			isa = PBXFrameworksBuildPhase;
			buildActionMask = 2147483647;
			files = (
			);
			runOnlyForDeploymentPostprocessing = 0;
		};
		2340C67C25E470F700070AFC /* Frameworks */ = {
			isa = PBXFrameworksBuildPhase;
			buildActionMask = 2147483647;
			files = (
			);
			runOnlyForDeploymentPostprocessing = 0;
		};
/* End PBXFrameworksBuildPhase section */

/* Begin PBXGroup section */
		2340C65525E470F500070AFC = {
			isa = PBXGroup;
			children = (
				2340C66025E470F500070AFC /* Magic8Ball */,
				2340C67725E470F700070AFC /* Magic8BallTests */,
				2340C68225E470F700070AFC /* Magic8BallUITests */,
				2340C65F25E470F500070AFC /* Products */,
			);
			sourceTree = "<group>";
		};
		2340C65F25E470F500070AFC /* Products */ = {
			isa = PBXGroup;
			children = (
				2340C65E25E470F500070AFC /* Magic8Ball.app */,
				2340C67425E470F700070AFC /* Magic8BallTests.xctest */,
				2340C67F25E470F700070AFC /* Magic8BallUITests.xctest */,
			);
			name = Products;
			sourceTree = "<group>";
		};
		2340C66025E470F500070AFC /* Magic8Ball */ = {
			isa = PBXGroup;
			children = (
				2340C66125E470F500070AFC /* AppDelegate.swift */,
				2340C66325E470F500070AFC /* SceneDelegate.swift */,
				2340C66525E470F500070AFC /* ViewController.swift */,
				2340C66725E470F500070AFC /* Main.storyboard */,
				2340C66A25E470F600070AFC /* Assets.xcassets */,
				2340C66C25E470F600070AFC /* LaunchScreen.storyboard */,
				2340C66F25E470F600070AFC /* Info.plist */,
			);
			path = Magic8Ball;
			sourceTree = "<group>";
		};
		2340C67725E470F700070AFC /* Magic8BallTests */ = {
			isa = PBXGroup;
			children = (
				2340C67825E470F700070AFC /* Magic8BallTests.swift */,
				2340C67A25E470F700070AFC /* Info.plist */,
			);
			path = Magic8BallTests;
			sourceTree = "<group>";
		};
		2340C68225E470F700070AFC /* Magic8BallUITests */ = {
			isa = PBXGroup;
			children = (
				2340C68325E470F700070AFC /* Magic8BallUITests.swift */,
				2340C68525E470F700070AFC /* Info.plist */,
			);
			path = Magic8BallUITests;
			sourceTree = "<group>";
		};
/* End PBXGroup section */

/* Begin PBXNativeTarget section */
		2340C65D25E470F500070AFC /* Magic8Ball */ = {
			isa = PBXNativeTarget;
			buildConfigurationList = 2340C68825E470F700070AFC /* Build configuration list for PBXNativeTarget "Magic8Ball" */;
			buildPhases = (
				2340C65A25E470F500070AFC /* Sources */,
				2340C65B25E470F500070AFC /* Frameworks */,
				2340C65C25E470F500070AFC /* Resources */,
			);
			buildRules = (
			);
			dependencies = (
			);
			name = Magic8Ball;
			productName = Magic8Ball;
			productReference = 2340C65E25E470F500070AFC /* Magic8Ball.app */;
			productType = "com.apple.product-type.application";
		};
		2340C67325E470F700070AFC /* Magic8BallTests */ = {
			isa = PBXNativeTarget;
			buildConfigurationList = 2340C68B25E470F700070AFC /* Build configuration list for PBXNativeTarget "Magic8BallTests" */;
			buildPhases = (
				2340C67025E470F700070AFC /* Sources */,
				2340C67125E470F700070AFC /* Frameworks */,
				2340C67225E470F700070AFC /* Resources */,
			);
			buildRules = (
			);
			dependencies = (
				2340C67625E470F700070AFC /* PBXTargetDependency */,
			);
			name = Magic8BallTests;
			productName = Magic8BallTests;
			productReference = 2340C67425E470F700070AFC /* Magic8BallTests.xctest */;
			productType = "com.apple.product-type.bundle.unit-test";
		};
		2340C67E25E470F700070AFC /* Magic8BallUITests */ = {
			isa = PBXNativeTarget;
			buildConfigurationList = 2340C68E25E470F700070AFC /* Build configuration list for PBXNativeTarget "Magic8BallUITests" */;
			buildPhases = (
				2340C67B25E470F700070AFC /* Sources */,
				2340C67C25E470F700070AFC /* Frameworks */,
				2340C67D25E470F700070AFC /* Resources */,
			);
			buildRules = (
			);
			dependencies = (
				2340C68125E470F700070AFC /* PBXTargetDependency */,
			);
			name = Magic8BallUITests;
			productName = Magic8BallUITests;
			productReference = 2340C67F25E470F700070AFC /* Magic8BallUITests.xctest */;
			productType = "com.apple.product-type.bundle.ui-testing";
		};
/* End PBXNativeTarget section */

/* Begin PBXProject section */
		2340C65625E470F500070AFC /* Project object */ = {
			isa = PBXProject;
			attributes = {
				LastSwiftUpdateCheck = 1240;
				LastUpgradeCheck = 1240;
				TargetAttributes = {
					2340C65D25E470F500070AFC = {
						CreatedOnToolsVersion = 12.4;
					};
					2340C67325E470F700070AFC = {
						CreatedOnToolsVersion = 12.4;
						TestTargetID = 2340C65D25E470F500070AFC;
					};
					2340C67E25E470F700070AFC = {
						CreatedOnToolsVersion = 12.4;
						TestTargetID = 2340C65D25E470F500070AFC;
					};
				};
			};
			buildConfigurationList = 2340C65925E470F500070AFC /* Build configuration list for PBXProject "Magic8Ball" */;
			compatibilityVersion = "Xcode 9.3";
			developmentRegion = en;
			hasScannedForEncodings = 0;
			knownRegions = (
				en,
				Base,
			);
			mainGroup = 2340C65525E470F500070AFC;
			productRefGroup = 2340C65F25E470F500070AFC /* Products */;
			projectDirPath = "";
			projectRoot = "";
			targets = (
				2340C65D25E470F500070AFC /* Magic8Ball */,
				2340C67325E470F700070AFC /* Magic8BallTests */,
				2340C67E25E470F700070AFC /* Magic8BallUITests */,
			);
		};
/* End PBXProject section */

/* Begin PBXResourcesBuildPhase section */
		2340C65C25E470F500070AFC /* Resources */ = {
			isa = PBXResourcesBuildPhase;
			buildActionMask = 2147483647;
			files = (
				2340C66E25E470F600070AFC /* LaunchScreen.storyboard in Resources */,
				2340C66B25E470F600070AFC /* Assets.xcassets in Resources */,
				2340C66925E470F500070AFC /* Main.storyboard in Resources */,
			);
			runOnlyForDeploymentPostprocessing = 0;
		};
		2340C67225E470F700070AFC /* Resources */ = {
			isa = PBXResourcesBuildPhase;
			buildActionMask = 2147483647;
			files = (
			);
			runOnlyForDeploymentPostprocessing = 0;
		};
		2340C67D25E470F700070AFC /* Resources */ = {
			isa = PBXResourcesBuildPhase;
			buildActionMask = 2147483647;
			files = (
			);
			runOnlyForDeploymentPostprocessing = 0;
		};
/* End PBXResourcesBuildPhase section */

/* Begin PBXSourcesBuildPhase section */
		2340C65A25E470F500070AFC /* Sources */ = {
			isa = PBXSourcesBuildPhase;
			buildActionMask = 2147483647;
			files = (
				2340C66625E470F500070AFC /* ViewController.swift in Sources */,
				2340C66225E470F500070AFC /* AppDelegate.swift in Sources */,
				2340C66425E470F500070AFC /* SceneDelegate.swift in Sources */,
			);
			runOnlyForDeploymentPostprocessing = 0;
		};
		2340C67025E470F700070AFC /* Sources */ = {
			isa = PBXSourcesBuildPhase;
			buildActionMask = 2147483647;
			files = (
				2340C67925E470F700070AFC /* Magic8BallTests.swift in Sources */,
			);
			runOnlyForDeploymentPostprocessing = 0;
		};
		2340C67B25E470F700070AFC /* Sources */ = {
			isa = PBXSourcesBuildPhase;
			buildActionMask = 2147483647;
			files = (
				2340C68425E470F700070AFC /* Magic8BallUITests.swift in Sources */,
			);
			runOnlyForDeploymentPostprocessing = 0;
		};
/* End PBXSourcesBuildPhase section */

/* Begin PBXTargetDependency section */
		2340C67625E470F700070AFC /* PBXTargetDependency */ = {
			isa = PBXTargetDependency;
			target = 2340C65D25E470F500070AFC /* Magic8Ball */;
			targetProxy = 2340C67525E470F700070AFC /* PBXContainerItemProxy */;
		};
		2340C68125E470F700070AFC /* PBXTargetDependency */ = {
			isa = PBXTargetDependency;
			target = 2340C65D25E470F500070AFC /* Magic8Ball */;
			targetProxy = 2340C68025E470F700070AFC /* PBXContainerItemProxy */;
		};
/* End PBXTargetDependency section */

/* Begin PBXVariantGroup section */
		2340C66725E470F500070AFC /* Main.storyboard */ = {
			isa = PBXVariantGroup;
			children = (
				2340C66825E470F500070AFC /* Base */,
			);
			name = Main.storyboard;
			sourceTree = "<group>";
		};
		2340C66C25E470F600070AFC /* LaunchScreen.storyboard */ = {
			isa = PBXVariantGroup;
			children = (
				2340C66D25E470F600070AFC /* Base */,
			);
			name = LaunchScreen.storyboard;
			sourceTree = "<group>";
		};
/* End PBXVariantGroup section */

/* Begin XCBuildConfiguration section */
		2340C68625E470F700070AFC /* Debug */ = {
			isa = XCBuildConfiguration;
			buildSettings = {
				ALWAYS_SEARCH_USER_PATHS = NO;
				CLANG_ANALYZER_NONNULL = YES;
				CLANG_ANALYZER_NUMBER_OBJECT_CONVERSION = YES_AGGRESSIVE;
				CLANG_CXX_LANGUAGE_STANDARD = "gnu++14";
				CLANG_CXX_LIBRARY = "libc++";
				CLANG_ENABLE_MODULES = YES;
				CLANG_ENABLE_OBJC_ARC = YES;
				CLANG_ENABLE_OBJC_WEAK = YES;
				CLANG_WARN_BLOCK_CAPTURE_AUTORELEASING = YES;
				CLANG_WARN_BOOL_CONVERSION = YES;
				CLANG_WARN_COMMA = YES;
				CLANG_WARN_CONSTANT_CONVERSION = YES;
				CLANG_WARN_DEPRECATED_OBJC_IMPLEMENTATIONS = YES;
				CLANG_WARN_DIRECT_OBJC_ISA_USAGE = YES_ERROR;
				CLANG_WARN_DOCUMENTATION_COMMENTS = YES;
				CLANG_WARN_EMPTY_BODY = YES;
				CLANG_WARN_ENUM_CONVERSION = YES;
				CLANG_WARN_INFINITE_RECURSION = YES;
				CLANG_WARN_INT_CONVERSION = YES;
				CLANG_WARN_NON_LITERAL_NULL_CONVERSION = YES;
				CLANG_WARN_OBJC_IMPLICIT_RETAIN_SELF = YES;
				CLANG_WARN_OBJC_LITERAL_CONVERSION = YES;
				CLANG_WARN_OBJC_ROOT_CLASS = YES_ERROR;
				CLANG_WARN_QUOTED_INCLUDE_IN_FRAMEWORK_HEADER = YES;
				CLANG_WARN_RANGE_LOOP_ANALYSIS = YES;
				CLANG_WARN_STRICT_PROTOTYPES = YES;
				CLANG_WARN_SUSPICIOUS_MOVE = YES;
				CLANG_WARN_UNGUARDED_AVAILABILITY = YES_AGGRESSIVE;
				CLANG_WARN_UNREACHABLE_CODE = YES;
				CLANG_WARN__DUPLICATE_METHOD_MATCH = YES;
				COPY_PHASE_STRIP = NO;
				DEBUG_INFORMATION_FORMAT = dwarf;
				ENABLE_STRICT_OBJC_MSGSEND = YES;
				ENABLE_TESTABILITY = YES;
				GCC_C_LANGUAGE_STANDARD = gnu11;
				GCC_DYNAMIC_NO_PIC = NO;
				GCC_NO_COMMON_BLOCKS = YES;
				GCC_OPTIMIZATION_LEVEL = 0;
				GCC_PREPROCESSOR_DEFINITIONS = (
					"DEBUG=1",
					"$(inherited)",
				);
				GCC_WARN_64_TO_32_BIT_CONVERSION = YES;
				GCC_WARN_ABOUT_RETURN_TYPE = YES_ERROR;
				GCC_WARN_UNDECLARED_SELECTOR = YES;
				GCC_WARN_UNINITIALIZED_AUTOS = YES_AGGRESSIVE;
				GCC_WARN_UNUSED_FUNCTION = YES;
				GCC_WARN_UNUSED_VARIABLE = YES;
				IPHONEOS_DEPLOYMENT_TARGET = 14.4;
				MTL_ENABLE_DEBUG_INFO = INCLUDE_SOURCE;
				MTL_FAST_MATH = YES;
				ONLY_ACTIVE_ARCH = YES;
				SDKROOT = iphoneos;
				SWIFT_ACTIVE_COMPILATION_CONDITIONS = DEBUG;
				SWIFT_OPTIMIZATION_LEVEL = "-Onone";
			};
			name = Debug;
		};
		2340C68725E470F700070AFC /* Release */ = {
			isa = XCBuildConfiguration;
			buildSettings = {
				ALWAYS_SEARCH_USER_PATHS = NO;
				CLANG_ANALYZER_NONNULL = YES;
				CLANG_ANALYZER_NUMBER_OBJECT_CONVERSION = YES_AGGRESSIVE;
				CLANG_CXX_LANGUAGE_STANDARD = "gnu++14";
				CLANG_CXX_LIBRARY = "libc++";
				CLANG_ENABLE_MODULES = YES;
				CLANG_ENABLE_OBJC_ARC = YES;
				CLANG_ENABLE_OBJC_WEAK = YES;
				CLANG_WARN_BLOCK_CAPTURE_AUTORELEASING = YES;
				CLANG_WARN_BOOL_CONVERSION = YES;
				CLANG_WARN_COMMA = YES;
				CLANG_WARN_CONSTANT_CONVERSION = YES;
				CLANG_WARN_DEPRECATED_OBJC_IMPLEMENTATIONS = YES;
				CLANG_WARN_DIRECT_OBJC_ISA_USAGE = YES_ERROR;
				CLANG_WARN_DOCUMENTATION_COMMENTS = YES;
				CLANG_WARN_EMPTY_BODY = YES;
				CLANG_WARN_ENUM_CONVERSION = YES;
				CLANG_WARN_INFINITE_RECURSION = YES;
				CLANG_WARN_INT_CONVERSION = YES;
				CLANG_WARN_NON_LITERAL_NULL_CONVERSION = YES;
				CLANG_WARN_OBJC_IMPLICIT_RETAIN_SELF = YES;
				CLANG_WARN_OBJC_LITERAL_CONVERSION = YES;
				CLANG_WARN_OBJC_ROOT_CLASS = YES_ERROR;
				CLANG_WARN_QUOTED_INCLUDE_IN_FRAMEWORK_HEADER = YES;
				CLANG_WARN_RANGE_LOOP_ANALYSIS = YES;
				CLANG_WARN_STRICT_PROTOTYPES = YES;
				CLANG_WARN_SUSPICIOUS_MOVE = YES;
				CLANG_WARN_UNGUARDED_AVAILABILITY = YES_AGGRESSIVE;
				CLANG_WARN_UNREACHABLE_CODE = YES;
				CLANG_WARN__DUPLICATE_METHOD_MATCH = YES;
				COPY_PHASE_STRIP = NO;
				DEBUG_INFORMATION_FORMAT = "dwarf-with-dsym";
				ENABLE_NS_ASSERTIONS = NO;
				ENABLE_STRICT_OBJC_MSGSEND = YES;
				GCC_C_LANGUAGE_STANDARD = gnu11;
				GCC_NO_COMMON_BLOCKS = YES;
				GCC_WARN_64_TO_32_BIT_CONVERSION = YES;
				GCC_WARN_ABOUT_RETURN_TYPE = YES_ERROR;
				GCC_WARN_UNDECLARED_SELECTOR = YES;
				GCC_WARN_UNINITIALIZED_AUTOS = YES_AGGRESSIVE;
				GCC_WARN_UNUSED_FUNCTION = YES;
				GCC_WARN_UNUSED_VARIABLE = YES;
				IPHONEOS_DEPLOYMENT_TARGET = 14.4;
				MTL_ENABLE_DEBUG_INFO = NO;
				MTL_FAST_MATH = YES;
				SDKROOT = iphoneos;
				SWIFT_COMPILATION_MODE = wholemodule;
				SWIFT_OPTIMIZATION_LEVEL = "-O";
				VALIDATE_PRODUCT = YES;
			};
			name = Release;
		};
		2340C68925E470F700070AFC /* Debug */ = {
			isa = XCBuildConfiguration;
			buildSettings = {
				ASSETCATALOG_COMPILER_APPICON_NAME = AppIcon;
				ASSETCATALOG_COMPILER_GLOBAL_ACCENT_COLOR_NAME = AccentColor;
				CODE_SIGN_STYLE = Automatic;
				DEVELOPMENT_TEAM = 8HWD5Y4SV3;
				INFOPLIST_FILE = Magic8Ball/Info.plist;
				LD_RUNPATH_SEARCH_PATHS = (
					"$(inherited)",
					"@executable_path/Frameworks",
				);
				PRODUCT_BUNDLE_IDENTIFIER = "Jake-Wang.Magic8Ball";
				PRODUCT_NAME = "$(TARGET_NAME)";
				SWIFT_VERSION = 5.0;
				TARGETED_DEVICE_FAMILY = "1,2";
			};
			name = Debug;
		};
		2340C68A25E470F700070AFC /* Release */ = {
			isa = XCBuildConfiguration;
			buildSettings = {
				ASSETCATALOG_COMPILER_APPICON_NAME = AppIcon;
				ASSETCATALOG_COMPILER_GLOBAL_ACCENT_COLOR_NAME = AccentColor;
				CODE_SIGN_STYLE = Automatic;
				DEVELOPMENT_TEAM = 8HWD5Y4SV3;
				INFOPLIST_FILE = Magic8Ball/Info.plist;
				LD_RUNPATH_SEARCH_PATHS = (
					"$(inherited)",
					"@executable_path/Frameworks",
				);
				PRODUCT_BUNDLE_IDENTIFIER = "Jake-Wang.Magic8Ball";
				PRODUCT_NAME = "$(TARGET_NAME)";
				SWIFT_VERSION = 5.0;
				TARGETED_DEVICE_FAMILY = "1,2";
			};
			name = Release;
		};
		2340C68C25E470F700070AFC /* Debug */ = {
			isa = XCBuildConfiguration;
			buildSettings = {
				ALWAYS_EMBED_SWIFT_STANDARD_LIBRARIES = YES;
				BUNDLE_LOADER = "$(TEST_HOST)";
				CODE_SIGN_STYLE = Automatic;
				DEVELOPMENT_TEAM = 8HWD5Y4SV3;
				INFOPLIST_FILE = Magic8BallTests/Info.plist;
				IPHONEOS_DEPLOYMENT_TARGET = 14.4;
				LD_RUNPATH_SEARCH_PATHS = (
					"$(inherited)",
					"@executable_path/Frameworks",
					"@loader_path/Frameworks",
				);
				PRODUCT_BUNDLE_IDENTIFIER = "Jake-Wang.Magic8BallTests";
				PRODUCT_NAME = "$(TARGET_NAME)";
				SWIFT_VERSION = 5.0;
				TARGETED_DEVICE_FAMILY = "1,2";
				TEST_HOST = "$(BUILT_PRODUCTS_DIR)/Magic8Ball.app/Magic8Ball";
			};
			name = Debug;
		};
		2340C68D25E470F700070AFC /* Release */ = {
			isa = XCBuildConfiguration;
			buildSettings = {
				ALWAYS_EMBED_SWIFT_STANDARD_LIBRARIES = YES;
				BUNDLE_LOADER = "$(TEST_HOST)";
				CODE_SIGN_STYLE = Automatic;
				DEVELOPMENT_TEAM = 8HWD5Y4SV3;
				INFOPLIST_FILE = Magic8BallTests/Info.plist;
				IPHONEOS_DEPLOYMENT_TARGET = 14.4;
				LD_RUNPATH_SEARCH_PATHS = (
					"$(inherited)",
					"@executable_path/Frameworks",
					"@loader_path/Frameworks",
				);
				PRODUCT_BUNDLE_IDENTIFIER = "Jake-Wang.Magic8BallTests";
				PRODUCT_NAME = "$(TARGET_NAME)";
				SWIFT_VERSION = 5.0;
				TARGETED_DEVICE_FAMILY = "1,2";
				TEST_HOST = "$(BUILT_PRODUCTS_DIR)/Magic8Ball.app/Magic8Ball";
			};
			name = Release;
		};
		2340C68F25E470F700070AFC /* Debug */ = {
			isa = XCBuildConfiguration;
			buildSettings = {
				ALWAYS_EMBED_SWIFT_STANDARD_LIBRARIES = YES;
				CODE_SIGN_STYLE = Automatic;
				DEVELOPMENT_TEAM = 8HWD5Y4SV3;
				INFOPLIST_FILE = Magic8BallUITests/Info.plist;
				LD_RUNPATH_SEARCH_PATHS = (
					"$(inherited)",
					"@executable_path/Frameworks",
					"@loader_path/Frameworks",
				);
				PRODUCT_BUNDLE_IDENTIFIER = "Jake-Wang.Magic8BallUITests";
				PRODUCT_NAME = "$(TARGET_NAME)";
				SWIFT_VERSION = 5.0;
				TARGETED_DEVICE_FAMILY = "1,2";
				TEST_TARGET_NAME = Magic8Ball;
			};
			name = Debug;
		};
		2340C69025E470F700070AFC /* Release */ = {
			isa = XCBuildConfiguration;
			buildSettings = {
				ALWAYS_EMBED_SWIFT_STANDARD_LIBRARIES = YES;
				CODE_SIGN_STYLE = Automatic;
				DEVELOPMENT_TEAM = 8HWD5Y4SV3;
				INFOPLIST_FILE = Magic8BallUITests/Info.plist;
				LD_RUNPATH_SEARCH_PATHS = (
					"$(inherited)",
					"@executable_path/Frameworks",
					"@loader_path/Frameworks",
				);
				PRODUCT_BUNDLE_IDENTIFIER = "Jake-Wang.Magic8BallUITests";
				PRODUCT_NAME = "$(TARGET_NAME)";
				SWIFT_VERSION = 5.0;
				TARGETED_DEVICE_FAMILY = "1,2";
				TEST_TARGET_NAME = Magic8Ball;
			};
			name = Release;
		};
/* End XCBuildConfiguration section */

/* Begin XCConfigurationList section */
		2340C65925E470F500070AFC /* Build configuration list for PBXProject "Magic8Ball" */ = {
			isa = XCConfigurationList;
			buildConfigurations = (
				2340C68625E470F700070AFC /* Debug */,
				2340C68725E470F700070AFC /* Release */,
			);
			defaultConfigurationIsVisible = 0;
			defaultConfigurationName = Release;
		};
		2340C68825E470F700070AFC /* Build configuration list for PBXNativeTarget "Magic8Ball" */ = {
			isa = XCConfigurationList;
			buildConfigurations = (
				2340C68925E470F700070AFC /* Debug */,
				2340C68A25E470F700070AFC /* Release */,
			);
			defaultConfigurationIsVisible = 0;
			defaultConfigurationName = Release;
		};
		2340C68B25E470F700070AFC /* Build configuration list for PBXNativeTarget "Magic8BallTests" */ = {
			isa = XCConfigurationList;
			buildConfigurations = (
				2340C68C25E470F700070AFC /* Debug */,
				2340C68D25E470F700070AFC /* Release */,
			);
			defaultConfigurationIsVisible = 0;
			defaultConfigurationName = Release;
		};
		2340C68E25E470F700070AFC /* Build configuration list for PBXNativeTarget "Magic8BallUITests" */ = {
			isa = XCConfigurationList;
			buildConfigurations = (
				2340C68F25E470F700070AFC /* Debug */,
				2340C69025E470F700070AFC /* Release */,
			);
			defaultConfigurationIsVisible = 0;
			defaultConfigurationName = Release;
		};
/* End XCConfigurationList section */
	};
	rootObject = 2340C65625E470F500070AFC /* Project object */;
}
